<?xml version="1.0" encoding="utf-8"?>
<Project ToolsVersion="4.0" xmlns="http://schemas.microsoft.com/developer/msbuild/2003">
  <ItemGroup>
    <Filter Include="Arquivos de Origem">
      <UniqueIdentifier>{4FC737F1-C7A5-4376-A066-2A32D752A2FF}</UniqueIdentifier>
      <Extensions>cpp;c;cc;cxx;c++;cppm;ixx;def;odl;idl;hpj;bat;asm;asmx</Extensions>
    </Filter>
    <Filter Include="Arquivos de Cabeçalho">
      <UniqueIdentifier>{93995380-89BD-4b04-88EB-625FBE52EBFB}</UniqueIdentifier>
      <Extensions>h;hh;hpp;hxx;h++;hm;inl;inc;ipp;xsd</Extensions>
    </Filter>
    <Filter Include="Arquivos de Recurso">
      <UniqueIdentifier>{67DA6AB6-F800-4c08-8B7A-83BB121AAD01}</UniqueIdentifier>
      <Extensions>rc;ico;cur;bmp;dlg;rc2;rct;bin;rgs;gif;jpg;jpeg;jpe;resx;tiff;tif;png;wav;mfcribbon-ms</Extensions>
    </Filter>
    <Filter Include="Arquivos de Origem\img">
      <UniqueIdentifier>{617fc484-6331-4033-bbd4-02e0a1ea53ab}</UniqueIdentifier>
    </Filter>
    <Filter Include="Arquivos de Origem\fonts">
      <UniqueIdentifier>{ffe97e31-0e13-4789-92ae-30259af7d6c9}</UniqueIdentifier>
    </Filter>
    <Filter Include="Arquivos de Origem\sounds">
      <UniqueIdentifier>{54323563-95f1-4ce7-8890-21e3e2ba2d7e}</UniqueIdentifier>
    </Filter>
  </ItemGroup>
  <ItemGroup>
    <ClCompile Include="main.cpp">
      <Filter>Arquivos de Origem</Filter>
    </ClCompile>
  </ItemGroup>
  <ItemGroup>
    <Image Include="img\Nave.png">
      <Filter>Arquivos de Origem\img</Filter>
    </Image>
    <Image Include="img\Enemy.png">
      <Filter>Arquivos de Origem\img</Filter>
    </Image>
    <Image Include="img\ammo.png">
      <Filter>Arquivos de Origem\img</Filter>
    </Image>
    <Image Include="img\life.png">
      <Filter>Arquivos de Origem\img</Filter>
    </Image>
    <Image Include="img\fundo.png">
      <Filter>Arquivos de Origem\img</Filter>
    </Image>
    <Image Include="img\triple.png">
      <Filter>Arquivos de Origem\img</Filter>
    </Image>
    <Image Include="img\shotgun.png">
      <Filter>Arquivos de Origem\img</Filter>
    </Image>
  </ItemGroup>
  <ItemGroup>
    <Font Include="fonts\arial.ttf">
      <Filter>Arquivos de Origem\fonts</Filter>
    </Font>
  </ItemGroup>
  <ItemGroup>
    <Media Include="sounds\death.wav">
      <Filter>Arquivos de Origem\sounds</Filter>
    </Media>
    <Media Include="sounds\enemydead.wav">
      <Filter>Arquivos de Origem\sounds</Filter>
    </Media>
    <Media Include="sounds\laserShoot.wav">
      <Filter>Arquivos de Origem\sounds</Filter>
    </Media>
    <Media Include="sounds\heal.wav">
      <Filter>Arquivos de Origem\sounds</Filter>
    </Media>
    <Media Include="sounds\ammo.wav">
      <Filter>Arquivos de Origem\sounds</Filter>
    </Media>
    <Media Include="sounds\BaseHit.wav">
      <Filter>Arquivos de Origem\sounds</Filter>
    </Media>
    <Media Include="sounds\soundtrack.wav">
      <Filter>Arquivos de Origem\sounds</Filter>
    </Media>
    <Media Include="sounds\powerUp.wav">
      <Filter>Arquivos de Origem\sounds</Filter>
    </Media>
    <Media Include="sounds\respawn.wav">
      <Filter>Arquivos de Origem\sounds</Filter>
    </Media>
  </ItemGroup>
</Project>